// !$*UTF8*$!
{
	archiveVersion = 1;
	classes = {
	};
	objectVersion = 50;
	objects = {

/* Begin PBXBuildFile section */
		DB1FEF8F2380554F00F8D763 /* Launch Screen.storyboard in Resources */ = {isa = PBXBuildFile; fileRef = DB1FEF8E2380554F00F8D763 /* Launch Screen.storyboard */; };
		DB1FEF91238055FE00F8D763 /* InputTextField.swift in Sources */ = {isa = PBXBuildFile; fileRef = DB1FEF90238055FE00F8D763 /* InputTextField.swift */; };
		DB1FEF932380592F00F8D763 /* InputGender.swift in Sources */ = {isa = PBXBuildFile; fileRef = DB1FEF922380592F00F8D763 /* InputGender.swift */; };
		DB302B6A237EF02300076D10 /* AppDelegate.swift in Sources */ = {isa = PBXBuildFile; fileRef = DB302B69237EF02300076D10 /* AppDelegate.swift */; };
		DB302B6C237EF02300076D10 /* SceneDelegate.swift in Sources */ = {isa = PBXBuildFile; fileRef = DB302B6B237EF02300076D10 /* SceneDelegate.swift */; };
		DB302B6F237EF02300076D10 /* PersonOverView.xcdatamodeld in Sources */ = {isa = PBXBuildFile; fileRef = DB302B6D237EF02300076D10 /* PersonOverView.xcdatamodeld */; };
		DB302B71237EF02300076D10 /* PersonOverView.swift in Sources */ = {isa = PBXBuildFile; fileRef = DB302B70237EF02300076D10 /* PersonOverView.swift */; };
		DB302B73237EF02300076D10 /* Assets.xcassets in Resources */ = {isa = PBXBuildFile; fileRef = DB302B72237EF02300076D10 /* Assets.xcassets */; };
		DB302B76237EF02300076D10 /* Preview Assets.xcassets in Resources */ = {isa = PBXBuildFile; fileRef = DB302B75237EF02300076D10 /* Preview Assets.xcassets */; };
		DB302B81237EF16200076D10 /* UserElement.swift in Sources */ = {isa = PBXBuildFile; fileRef = DB302B80237EF16200076D10 /* UserElement.swift */; };
		DB302B83237EF18D00076D10 /* UserElements.swift in Sources */ = {isa = PBXBuildFile; fileRef = DB302B82237EF18D00076D10 /* UserElements.swift */; };
		DB302B85237EF27400076D10 /* SignInView.swift in Sources */ = {isa = PBXBuildFile; fileRef = DB302B84237EF27400076D10 /* SignInView.swift */; };
		DB302B87237EF2A700076D10 /* SignUpView.swift in Sources */ = {isa = PBXBuildFile; fileRef = DB302B86237EF2A700076D10 /* SignUpView.swift */; };
		DB302B8B237EF33100076D10 /* PersonView.swift in Sources */ = {isa = PBXBuildFile; fileRef = DB302B8A237EF33100076D10 /* PersonView.swift */; };
		DB302B8F237EF43400076D10 /* CloudKitUser.swift in Sources */ = {isa = PBXBuildFile; fileRef = DB302B8E237EF43400076D10 /* CloudKitUser.swift */; };
		DB302B93237FDD8600076D10 /* CloudKit.framework in Frameworks */ = {isa = PBXBuildFile; fileRef = DB302B92237FDD8600076D10 /* CloudKit.framework */; };
		DB46938023B9F0A50060933E /* ToDoView.swift in Sources */ = {isa = PBXBuildFile; fileRef = DB46937F23B9F0A50060933E /* ToDoView.swift */; };
		DB6739C123AA910E00EF9ECD /* SwiftUIImagePicker.swift in Sources */ = {isa = PBXBuildFile; fileRef = DB6739C023AA910E00EF9ECD /* SwiftUIImagePicker.swift */; };
		DB6739C423AD46A800EF9ECD /* InfoPlist.strings in Resources */ = {isa = PBXBuildFile; fileRef = DB6739C223AD46A800EF9ECD /* InfoPlist.strings */; };
		DB6739C723AD46A800EF9ECD /* Localizable.strings in Resources */ = {isa = PBXBuildFile; fileRef = DB6739C523AD46A800EF9ECD /* Localizable.strings */; };
		DB6739CB23AE2B0600EF9ECD /* OutputTextField.swift in Sources */ = {isa = PBXBuildFile; fileRef = DB6739CA23AE2B0600EF9ECD /* OutputTextField.swift */; };
		DB691A1E23CA718F004CDBE8 /* qwerty.swift in Sources */ = {isa = PBXBuildFile; fileRef = DB691A1D23CA718F004CDBE8 /* qwerty.swift */; };
		DBB4C62823B6301F0055296B /* ImagePicker.swift in Sources */ = {isa = PBXBuildFile; fileRef = DBB4C62723B6301F0055296B /* ImagePicker.swift */; };
		DBDA561A23BF5B1C00A44D11 /* AdaptsToSoftwareKeyboard.swift in Sources */ = {isa = PBXBuildFile; fileRef = DBDA561923BF5B1C00A44D11 /* AdaptsToSoftwareKeyboard.swift */; };
		DBFC29C323C48F6C00F2224B /* Administration.swift in Sources */ = {isa = PBXBuildFile; fileRef = DBFC29C223C48F6C00F2224B /* Administration.swift */; };
		DBFC29C723C4962500F2224B /* DeleteUserView.swift in Sources */ = {isa = PBXBuildFile; fileRef = DBFC29C623C4962500F2224B /* DeleteUserView.swift */; };
		DBFC29CB23C5DE8500F2224B /* UserMaintenanceView.swift in Sources */ = {isa = PBXBuildFile; fileRef = DBFC29CA23C5DE8500F2224B /* UserMaintenanceView.swift */; };
		DBFC29CF23C74D6900F2224B /* User.swift in Sources */ = {isa = PBXBuildFile; fileRef = DBFC29CE23C74D6900F2224B /* User.swift */; };
/* End PBXBuildFile section */

/* Begin PBXFileReference section */
		DB1FEF8E2380554F00F8D763 /* Launch Screen.storyboard */ = {isa = PBXFileReference; lastKnownFileType = file.storyboard; path = "Launch Screen.storyboard"; sourceTree = "<group>"; };
		DB1FEF90238055FE00F8D763 /* InputTextField.swift */ = {isa = PBXFileReference; lastKnownFileType = sourcecode.swift; path = InputTextField.swift; sourceTree = "<group>"; };
		DB1FEF922380592F00F8D763 /* InputGender.swift */ = {isa = PBXFileReference; lastKnownFileType = sourcecode.swift; path = InputGender.swift; sourceTree = "<group>"; };
		DB302B66237EF02300076D10 /* PersonOverView.app */ = {isa = PBXFileReference; explicitFileType = wrapper.application; includeInIndex = 0; path = PersonOverView.app; sourceTree = BUILT_PRODUCTS_DIR; };
		DB302B69237EF02300076D10 /* AppDelegate.swift */ = {isa = PBXFileReference; lastKnownFileType = sourcecode.swift; path = AppDelegate.swift; sourceTree = "<group>"; };
		DB302B6B237EF02300076D10 /* SceneDelegate.swift */ = {isa = PBXFileReference; lastKnownFileType = sourcecode.swift; path = SceneDelegate.swift; sourceTree = "<group>"; };
		DB302B6E237EF02300076D10 /* PersonOverView.xcdatamodel */ = {isa = PBXFileReference; lastKnownFileType = wrapper.xcdatamodel; path = PersonOverView.xcdatamodel; sourceTree = "<group>"; };
		DB302B70237EF02300076D10 /* PersonOverView.swift */ = {isa = PBXFileReference; lastKnownFileType = sourcecode.swift; path = PersonOverView.swift; sourceTree = "<group>"; };
		DB302B72237EF02300076D10 /* Assets.xcassets */ = {isa = PBXFileReference; lastKnownFileType = folder.assetcatalog; path = Assets.xcassets; sourceTree = "<group>"; };
		DB302B75237EF02300076D10 /* Preview Assets.xcassets */ = {isa = PBXFileReference; lastKnownFileType = folder.assetcatalog; path = "Preview Assets.xcassets"; sourceTree = "<group>"; };
		DB302B7A237EF02300076D10 /* Info.plist */ = {isa = PBXFileReference; lastKnownFileType = text.plist.xml; path = Info.plist; sourceTree = "<group>"; };
		DB302B80237EF16200076D10 /* UserElement.swift */ = {isa = PBXFileReference; lastKnownFileType = sourcecode.swift; path = UserElement.swift; sourceTree = "<group>"; };
		DB302B82237EF18D00076D10 /* UserElements.swift */ = {isa = PBXFileReference; lastKnownFileType = sourcecode.swift; path = UserElements.swift; sourceTree = "<group>"; };
		DB302B84237EF27400076D10 /* SignInView.swift */ = {isa = PBXFileReference; lastKnownFileType = sourcecode.swift; path = SignInView.swift; sourceTree = "<group>"; };
		DB302B86237EF2A700076D10 /* SignUpView.swift */ = {isa = PBXFileReference; lastKnownFileType = sourcecode.swift; path = SignUpView.swift; sourceTree = "<group>"; };
		DB302B8A237EF33100076D10 /* PersonView.swift */ = {isa = PBXFileReference; lastKnownFileType = sourcecode.swift; path = PersonView.swift; sourceTree = "<group>"; };
		DB302B8E237EF43400076D10 /* CloudKitUser.swift */ = {isa = PBXFileReference; lastKnownFileType = sourcecode.swift; path = CloudKitUser.swift; sourceTree = "<group>"; };
		DB302B90237FDD7200076D10 /* PersonOverView.entitlements */ = {isa = PBXFileReference; lastKnownFileType = text.plist.entitlements; path = PersonOverView.entitlements; sourceTree = "<group>"; };
		DB302B92237FDD8600076D10 /* CloudKit.framework */ = {isa = PBXFileReference; lastKnownFileType = wrapper.framework; name = CloudKit.framework; path = System/Library/Frameworks/CloudKit.framework; sourceTree = SDKROOT; };
		DB46937F23B9F0A50060933E /* ToDoView.swift */ = {isa = PBXFileReference; lastKnownFileType = sourcecode.swift; path = ToDoView.swift; sourceTree = "<group>"; };
		DB6739C023AA910E00EF9ECD /* SwiftUIImagePicker.swift */ = {isa = PBXFileReference; lastKnownFileType = sourcecode.swift; path = SwiftUIImagePicker.swift; sourceTree = "<group>"; };
		DB6739C823AD495500EF9ECD /* nb-NO */ = {isa = PBXFileReference; lastKnownFileType = text.plist.strings; name = "nb-NO"; path = "nb-NO.lproj/Localizable.strings"; sourceTree = "<group>"; };
		DB6739C923AD495500EF9ECD /* nb-NO */ = {isa = PBXFileReference; lastKnownFileType = text.plist.strings; name = "nb-NO"; path = "nb-NO.lproj/InfoPlist.strings"; sourceTree = "<group>"; };
		DB6739CA23AE2B0600EF9ECD /* OutputTextField.swift */ = {isa = PBXFileReference; lastKnownFileType = sourcecode.swift; path = OutputTextField.swift; sourceTree = "<group>"; };
		DB691A1D23CA718F004CDBE8 /* qwerty.swift */ = {isa = PBXFileReference; lastKnownFileType = sourcecode.swift; path = qwerty.swift; sourceTree = "<group>"; };
		DBB4C62723B6301F0055296B /* ImagePicker.swift */ = {isa = PBXFileReference; lastKnownFileType = sourcecode.swift; path = ImagePicker.swift; sourceTree = "<group>"; };
		DBDA561923BF5B1C00A44D11 /* AdaptsToSoftwareKeyboard.swift */ = {isa = PBXFileReference; lastKnownFileType = sourcecode.swift; path = AdaptsToSoftwareKeyboard.swift; sourceTree = "<group>"; };
		DBFC29C223C48F6C00F2224B /* Administration.swift */ = {isa = PBXFileReference; lastKnownFileType = sourcecode.swift; path = Administration.swift; sourceTree = "<group>"; };
		DBFC29C623C4962500F2224B /* DeleteUserView.swift */ = {isa = PBXFileReference; lastKnownFileType = sourcecode.swift; path = DeleteUserView.swift; sourceTree = "<group>"; };
		DBFC29CA23C5DE8500F2224B /* UserMaintenanceView.swift */ = {isa = PBXFileReference; lastKnownFileType = sourcecode.swift; path = UserMaintenanceView.swift; sourceTree = "<group>"; };
		DBFC29CE23C74D6900F2224B /* User.swift */ = {isa = PBXFileReference; lastKnownFileType = sourcecode.swift; path = User.swift; sourceTree = "<group>"; };
/* End PBXFileReference section */

/* Begin PBXFrameworksBuildPhase section */
		DB302B63237EF02300076D10 /* Frameworks */ = {
			isa = PBXFrameworksBuildPhase;
			buildActionMask = 2147483647;
			files = (
				DB302B93237FDD8600076D10 /* CloudKit.framework in Frameworks */,
			);
			runOnlyForDeploymentPostprocessing = 0;
		};
/* End PBXFrameworksBuildPhase section */

/* Begin PBXGroup section */
		DB302B5D237EF02300076D10 = {
			isa = PBXGroup;
			children = (
				DB302B68237EF02300076D10 /* PersonOverView */,
				DB302B67237EF02300076D10 /* Products */,
				DB302B91237FDD8600076D10 /* Frameworks */,
			);
			sourceTree = "<group>";
		};
		DB302B67237EF02300076D10 /* Products */ = {
			isa = PBXGroup;
			children = (
				DB302B66237EF02300076D10 /* PersonOverView.app */,
			);
			name = Products;
			sourceTree = "<group>";
		};
		DB302B68237EF02300076D10 /* PersonOverView */ = {
			isa = PBXGroup;
			children = (
				DB302B90237FDD7200076D10 /* PersonOverView.entitlements */,
				DB302B69237EF02300076D10 /* AppDelegate.swift */,
				DBDA561923BF5B1C00A44D11 /* AdaptsToSoftwareKeyboard.swift */,
				DBFC29C223C48F6C00F2224B /* Administration.swift */,
				DB302B72237EF02300076D10 /* Assets.xcassets */,
				DB302B8E237EF43400076D10 /* CloudKitUser.swift */,
				DBFC29C623C4962500F2224B /* DeleteUserView.swift */,
				DB6739C023AA910E00EF9ECD /* SwiftUIImagePicker.swift */,
				DBB4C62723B6301F0055296B /* ImagePicker.swift */,
				DB302B7A237EF02300076D10 /* Info.plist */,
				DB6739C523AD46A800EF9ECD /* Localizable.strings */,
				DB6739C223AD46A800EF9ECD /* InfoPlist.strings */,
				DB1FEF922380592F00F8D763 /* InputGender.swift */,
				DB1FEF90238055FE00F8D763 /* InputTextField.swift */,
				DB1FEF8E2380554F00F8D763 /* Launch Screen.storyboard */,
				DB6739CA23AE2B0600EF9ECD /* OutputTextField.swift */,
				DB302B6D237EF02300076D10 /* PersonOverView.xcdatamodeld */,
				DB302B70237EF02300076D10 /* PersonOverView.swift */,
				DB302B8A237EF33100076D10 /* PersonView.swift */,
				DB691A1D23CA718F004CDBE8 /* qwerty.swift */,
				DB302B6B237EF02300076D10 /* SceneDelegate.swift */,
				DB302B84237EF27400076D10 /* SignInView.swift */,
				DB302B86237EF2A700076D10 /* SignUpView.swift */,
				DB46937F23B9F0A50060933E /* ToDoView.swift */,
				DB302B80237EF16200076D10 /* UserElement.swift */,
				DBFC29CE23C74D6900F2224B /* User.swift */,
				DB302B82237EF18D00076D10 /* UserElements.swift */,
				DBFC29CA23C5DE8500F2224B /* UserMaintenanceView.swift */,
				DB302B74237EF02300076D10 /* Preview Content */,
			);
			path = PersonOverView;
			sourceTree = "<group>";
		};
		DB302B74237EF02300076D10 /* Preview Content */ = {
			isa = PBXGroup;
			children = (
				DB302B75237EF02300076D10 /* Preview Assets.xcassets */,
			);
			path = "Preview Content";
			sourceTree = "<group>";
		};
		DB302B91237FDD8600076D10 /* Frameworks */ = {
			isa = PBXGroup;
			children = (
				DB302B92237FDD8600076D10 /* CloudKit.framework */,
			);
			name = Frameworks;
			sourceTree = "<group>";
		};
/* End PBXGroup section */

/* Begin PBXNativeTarget section */
		DB302B65237EF02300076D10 /* PersonOverView */ = {
			isa = PBXNativeTarget;
			buildConfigurationList = DB302B7D237EF02300076D10 /* Build configuration list for PBXNativeTarget "PersonOverView" */;
			buildPhases = (
				DB302B62237EF02300076D10 /* Sources */,
				DB302B63237EF02300076D10 /* Frameworks */,
				DB302B64237EF02300076D10 /* Resources */,
			);
			buildRules = (
			);
			dependencies = (
			);
			name = PersonOverView;
			productName = PersonOverView;
			productReference = DB302B66237EF02300076D10 /* PersonOverView.app */;
			productType = "com.apple.product-type.application";
		};
/* End PBXNativeTarget section */

/* Begin PBXProject section */
		DB302B5E237EF02300076D10 /* Project object */ = {
			isa = PBXProject;
			attributes = {
				LastSwiftUpdateCheck = 1120;
				LastUpgradeCheck = 1130;
				ORGANIZATIONNAME = "Jan Hovland";
				TargetAttributes = {
					DB302B65237EF02300076D10 = {
						CreatedOnToolsVersion = 11.2.1;
					};
				};
			};
			buildConfigurationList = DB302B61237EF02300076D10 /* Build configuration list for PBXProject "PersonOverView" */;
			compatibilityVersion = "Xcode 9.3";
			developmentRegion = en;
			hasScannedForEncodings = 0;
			knownRegions = (
				en,
				Base,
				"nb-NO",
			);
			mainGroup = DB302B5D237EF02300076D10;
			productRefGroup = DB302B67237EF02300076D10 /* Products */;
			projectDirPath = "";
			projectRoot = "";
			targets = (
				DB302B65237EF02300076D10 /* PersonOverView */,
			);
		};
/* End PBXProject section */

/* Begin PBXResourcesBuildPhase section */
		DB302B64237EF02300076D10 /* Resources */ = {
			isa = PBXResourcesBuildPhase;
			buildActionMask = 2147483647;
			files = (
				DB6739C723AD46A800EF9ECD /* Localizable.strings in Resources */,
				DB302B76237EF02300076D10 /* Preview Assets.xcassets in Resources */,
				DB6739C423AD46A800EF9ECD /* InfoPlist.strings in Resources */,
				DB1FEF8F2380554F00F8D763 /* Launch Screen.storyboard in Resources */,
				DB302B73237EF02300076D10 /* Assets.xcassets in Resources */,
			);
			runOnlyForDeploymentPostprocessing = 0;
		};
/* End PBXResourcesBuildPhase section */

/* Begin PBXSourcesBuildPhase section */
		DB302B62237EF02300076D10 /* Sources */ = {
			isa = PBXSourcesBuildPhase;
			buildActionMask = 2147483647;
			files = (
				DBFC29C723C4962500F2224B /* DeleteUserView.swift in Sources */,
				DBDA561A23BF5B1C00A44D11 /* AdaptsToSoftwareKeyboard.swift in Sources */,
				DB302B6F237EF02300076D10 /* PersonOverView.xcdatamodeld in Sources */,
				DB302B6A237EF02300076D10 /* AppDelegate.swift in Sources */,
				DBB4C62823B6301F0055296B /* ImagePicker.swift in Sources */,
				DB302B71237EF02300076D10 /* PersonOverView.swift in Sources */,
				DB302B81237EF16200076D10 /* UserElement.swift in Sources */,
				DB302B8B237EF33100076D10 /* PersonView.swift in Sources */,
				DB1FEF932380592F00F8D763 /* InputGender.swift in Sources */,
				DB302B87237EF2A700076D10 /* SignUpView.swift in Sources */,
				DBFC29C323C48F6C00F2224B /* Administration.swift in Sources */,
				DB302B6C237EF02300076D10 /* SceneDelegate.swift in Sources */,
				DB6739CB23AE2B0600EF9ECD /* OutputTextField.swift in Sources */,
				DB1FEF91238055FE00F8D763 /* InputTextField.swift in Sources */,
				DB302B85237EF27400076D10 /* SignInView.swift in Sources */,
				DB691A1E23CA718F004CDBE8 /* qwerty.swift in Sources */,
				DB302B83237EF18D00076D10 /* UserElements.swift in Sources */,
				DB46938023B9F0A50060933E /* ToDoView.swift in Sources */,
				DB302B8F237EF43400076D10 /* CloudKitUser.swift in Sources */,
				DBFC29CB23C5DE8500F2224B /* UserMaintenanceView.swift in Sources */,
				DB6739C123AA910E00EF9ECD /* SwiftUIImagePicker.swift in Sources */,
				DBFC29CF23C74D6900F2224B /* User.swift in Sources */,
			);
			runOnlyForDeploymentPostprocessing = 0;
		};
/* End PBXSourcesBuildPhase section */

/* Begin PBXVariantGroup section */
		DB6739C223AD46A800EF9ECD /* InfoPlist.strings */ = {
			isa = PBXVariantGroup;
			children = (
				DB6739C923AD495500EF9ECD /* nb-NO */,
			);
			name = InfoPlist.strings;
			sourceTree = "<group>";
		};
		DB6739C523AD46A800EF9ECD /* Localizable.strings */ = {
			isa = PBXVariantGroup;
			children = (
				DB6739C823AD495500EF9ECD /* nb-NO */,
			);
			name = Localizable.strings;
			sourceTree = "<group>";
		};
/* End PBXVariantGroup section */

/* Begin XCBuildConfiguration section */
		DB302B7B237EF02300076D10 /* Debug */ = {
			isa = XCBuildConfiguration;
			buildSettings = {
				ALWAYS_SEARCH_USER_PATHS = NO;
				CLANG_ANALYZER_LOCALIZABILITY_NONLOCALIZED = YES;
				CLANG_ANALYZER_NONNULL = YES;
				CLANG_ANALYZER_NUMBER_OBJECT_CONVERSION = YES_AGGRESSIVE;
				CLANG_CXX_LANGUAGE_STANDARD = "gnu++14";
				CLANG_CXX_LIBRARY = "libc++";
				CLANG_ENABLE_MODULES = YES;
				CLANG_ENABLE_OBJC_ARC = YES;
				CLANG_ENABLE_OBJC_WEAK = YES;
				CLANG_WARN_BLOCK_CAPTURE_AUTORELEASING = YES;
				CLANG_WARN_BOOL_CONVERSION = YES;
				CLANG_WARN_COMMA = YES;
				CLANG_WARN_CONSTANT_CONVERSION = YES;
				CLANG_WARN_DEPRECATED_OBJC_IMPLEMENTATIONS = YES;
				CLANG_WARN_DIRECT_OBJC_ISA_USAGE = YES_ERROR;
				CLANG_WARN_DOCUMENTATION_COMMENTS = YES;
				CLANG_WARN_EMPTY_BODY = YES;
				CLANG_WARN_ENUM_CONVERSION = YES;
				CLANG_WARN_INFINITE_RECURSION = YES;
				CLANG_WARN_INT_CONVERSION = YES;
				CLANG_WARN_NON_LITERAL_NULL_CONVERSION = YES;
				CLANG_WARN_OBJC_IMPLICIT_RETAIN_SELF = YES;
				CLANG_WARN_OBJC_LITERAL_CONVERSION = YES;
				CLANG_WARN_OBJC_ROOT_CLASS = YES_ERROR;
				CLANG_WARN_RANGE_LOOP_ANALYSIS = YES;
				CLANG_WARN_STRICT_PROTOTYPES = YES;
				CLANG_WARN_SUSPICIOUS_MOVE = YES;
				CLANG_WARN_UNGUARDED_AVAILABILITY = YES_AGGRESSIVE;
				CLANG_WARN_UNREACHABLE_CODE = YES;
				CLANG_WARN__DUPLICATE_METHOD_MATCH = YES;
				COPY_PHASE_STRIP = NO;
				DEBUG_INFORMATION_FORMAT = dwarf;
				ENABLE_STRICT_OBJC_MSGSEND = YES;
				ENABLE_TESTABILITY = YES;
				GCC_C_LANGUAGE_STANDARD = gnu11;
				GCC_DYNAMIC_NO_PIC = NO;
				GCC_NO_COMMON_BLOCKS = YES;
				GCC_OPTIMIZATION_LEVEL = 0;
				GCC_PREPROCESSOR_DEFINITIONS = (
					"DEBUG=1",
					"$(inherited)",
				);
				GCC_WARN_64_TO_32_BIT_CONVERSION = YES;
				GCC_WARN_ABOUT_RETURN_TYPE = YES_ERROR;
				GCC_WARN_UNDECLARED_SELECTOR = YES;
				GCC_WARN_UNINITIALIZED_AUTOS = YES_AGGRESSIVE;
				GCC_WARN_UNUSED_FUNCTION = YES;
				GCC_WARN_UNUSED_VARIABLE = YES;
				IPHONEOS_DEPLOYMENT_TARGET = 13.2;
				MTL_ENABLE_DEBUG_INFO = INCLUDE_SOURCE;
				MTL_FAST_MATH = YES;
				ONLY_ACTIVE_ARCH = YES;
				SDKROOT = iphoneos;
				SWIFT_ACTIVE_COMPILATION_CONDITIONS = DEBUG;
				SWIFT_OPTIMIZATION_LEVEL = "-Onone";
			};
			name = Debug;
		};
		DB302B7C237EF02300076D10 /* Release */ = {
			isa = XCBuildConfiguration;
			buildSettings = {
				ALWAYS_SEARCH_USER_PATHS = NO;
				CLANG_ANALYZER_LOCALIZABILITY_NONLOCALIZED = YES;
				CLANG_ANALYZER_NONNULL = YES;
				CLANG_ANALYZER_NUMBER_OBJECT_CONVERSION = YES_AGGRESSIVE;
				CLANG_CXX_LANGUAGE_STANDARD = "gnu++14";
				CLANG_CXX_LIBRARY = "libc++";
				CLANG_ENABLE_MODULES = YES;
				CLANG_ENABLE_OBJC_ARC = YES;
				CLANG_ENABLE_OBJC_WEAK = YES;
				CLANG_WARN_BLOCK_CAPTURE_AUTORELEASING = YES;
				CLANG_WARN_BOOL_CONVERSION = YES;
				CLANG_WARN_COMMA = YES;
				CLANG_WARN_CONSTANT_CONVERSION = YES;
				CLANG_WARN_DEPRECATED_OBJC_IMPLEMENTATIONS = YES;
				CLANG_WARN_DIRECT_OBJC_ISA_USAGE = YES_ERROR;
				CLANG_WARN_DOCUMENTATION_COMMENTS = YES;
				CLANG_WARN_EMPTY_BODY = YES;
				CLANG_WARN_ENUM_CONVERSION = YES;
				CLANG_WARN_INFINITE_RECURSION = YES;
				CLANG_WARN_INT_CONVERSION = YES;
				CLANG_WARN_NON_LITERAL_NULL_CONVERSION = YES;
				CLANG_WARN_OBJC_IMPLICIT_RETAIN_SELF = YES;
				CLANG_WARN_OBJC_LITERAL_CONVERSION = YES;
				CLANG_WARN_OBJC_ROOT_CLASS = YES_ERROR;
				CLANG_WARN_RANGE_LOOP_ANALYSIS = YES;
				CLANG_WARN_STRICT_PROTOTYPES = YES;
				CLANG_WARN_SUSPICIOUS_MOVE = YES;
				CLANG_WARN_UNGUARDED_AVAILABILITY = YES_AGGRESSIVE;
				CLANG_WARN_UNREACHABLE_CODE = YES;
				CLANG_WARN__DUPLICATE_METHOD_MATCH = YES;
				COPY_PHASE_STRIP = NO;
				DEBUG_INFORMATION_FORMAT = "dwarf-with-dsym";
				ENABLE_NS_ASSERTIONS = NO;
				ENABLE_STRICT_OBJC_MSGSEND = YES;
				GCC_C_LANGUAGE_STANDARD = gnu11;
				GCC_NO_COMMON_BLOCKS = YES;
				GCC_WARN_64_TO_32_BIT_CONVERSION = YES;
				GCC_WARN_ABOUT_RETURN_TYPE = YES_ERROR;
				GCC_WARN_UNDECLARED_SELECTOR = YES;
				GCC_WARN_UNINITIALIZED_AUTOS = YES_AGGRESSIVE;
				GCC_WARN_UNUSED_FUNCTION = YES;
				GCC_WARN_UNUSED_VARIABLE = YES;
				IPHONEOS_DEPLOYMENT_TARGET = 13.2;
				MTL_ENABLE_DEBUG_INFO = NO;
				MTL_FAST_MATH = YES;
				SDKROOT = iphoneos;
				SWIFT_COMPILATION_MODE = wholemodule;
				SWIFT_OPTIMIZATION_LEVEL = "-O";
				VALIDATE_PRODUCT = YES;
			};
			name = Release;
		};
		DB302B7E237EF02300076D10 /* Debug */ = {
			isa = XCBuildConfiguration;
			buildSettings = {
				ASSETCATALOG_COMPILER_APPICON_NAME = AppIcon;
				CODE_SIGN_ENTITLEMENTS = PersonOverView/PersonOverView.entitlements;
				CODE_SIGN_STYLE = Automatic;
				DEVELOPMENT_ASSET_PATHS = "\"PersonOverView/Preview Content\"";
				DEVELOPMENT_TEAM = 6UR9TA6744;
				ENABLE_PREVIEWS = YES;
				INFOPLIST_FILE = PersonOverView/Info.plist;
				LD_RUNPATH_SEARCH_PATHS = (
					"$(inherited)",
					"@executable_path/Frameworks",
				);
				PRODUCT_BUNDLE_IDENTIFIER = com.janhovland.PersonsOverView;
				PRODUCT_NAME = "$(TARGET_NAME)";
				SWIFT_VERSION = 5.0;
				TARGETED_DEVICE_FAMILY = "1,2";
			};
			name = Debug;
		};
		DB302B7F237EF02300076D10 /* Release */ = {
			isa = XCBuildConfiguration;
			buildSettings = {
				ASSETCATALOG_COMPILER_APPICON_NAME = AppIcon;
				CODE_SIGN_ENTITLEMENTS = PersonOverView/PersonOverView.entitlements;
				CODE_SIGN_STYLE = Automatic;
				DEVELOPMENT_ASSET_PATHS = "\"PersonOverView/Preview Content\"";
				DEVELOPMENT_TEAM = 6UR9TA6744;
				ENABLE_PREVIEWS = YES;
				INFOPLIST_FILE = PersonOverView/Info.plist;
				LD_RUNPATH_SEARCH_PATHS = (
					"$(inherited)",
					"@executable_path/Frameworks",
				);
				PRODUCT_BUNDLE_IDENTIFIER = com.janhovland.PersonsOverView;
				PRODUCT_NAME = "$(TARGET_NAME)";
				SWIFT_VERSION = 5.0;
				TARGETED_DEVICE_FAMILY = "1,2";
			};
			name = Release;
		};
/* End XCBuildConfiguration section */

/* Begin XCConfigurationList section */
		DB302B61237EF02300076D10 /* Build configuration list for PBXProject "PersonOverView" */ = {
			isa = XCConfigurationList;
			buildConfigurations = (
				DB302B7B237EF02300076D10 /* Debug */,
				DB302B7C237EF02300076D10 /* Release */,
			);
			defaultConfigurationIsVisible = 0;
			defaultConfigurationName = Release;
		};
		DB302B7D237EF02300076D10 /* Build configuration list for PBXNativeTarget "PersonOverView" */ = {
			isa = XCConfigurationList;
			buildConfigurations = (
				DB302B7E237EF02300076D10 /* Debug */,
				DB302B7F237EF02300076D10 /* Release */,
			);
			defaultConfigurationIsVisible = 0;
			defaultConfigurationName = Release;
		};
/* End XCConfigurationList section */

/* Begin XCVersionGroup section */
		DB302B6D237EF02300076D10 /* PersonOverView.xcdatamodeld */ = {
			isa = XCVersionGroup;
			children = (
				DB302B6E237EF02300076D10 /* PersonOverView.xcdatamodel */,
			);
			currentVersion = DB302B6E237EF02300076D10 /* PersonOverView.xcdatamodel */;
			path = PersonOverView.xcdatamodeld;
			sourceTree = "<group>";
			versionGroupType = wrapper.xcdatamodel;
		};
/* End XCVersionGroup section */
	};
	rootObject = DB302B5E237EF02300076D10 /* Project object */;
}
