// !$*UTF8*$!
{
	archiveVersion = 1;
	classes = {
	};
	objectVersion = 50;
	objects = {

/* Begin PBXBuildFile section */
		DB1FEF8F2380554F00F8D763 /* Launch Screen.storyboard in Resources */ = {isa = PBXBuildFile; fileRef = DB1FEF8E2380554F00F8D763 /* Launch Screen.storyboard */; };
		DB1FEF91238055FE00F8D763 /* InputTextField.swift in Sources */ = {isa = PBXBuildFile; fileRef = DB1FEF90238055FE00F8D763 /* InputTextField.swift */; };
		DB1FEF932380592F00F8D763 /* InputGender.swift in Sources */ = {isa = PBXBuildFile; fileRef = DB1FEF922380592F00F8D763 /* InputGender.swift */; };
		DB28D73B23D615E900CF6915 /* AlertID.swift in Sources */ = {isa = PBXBuildFile; fileRef = DB28D73A23D615E900CF6915 /* AlertID.swift */; };
		DB302B6A237EF02300076D10 /* AppDelegate.swift in Sources */ = {isa = PBXBuildFile; fileRef = DB302B69237EF02300076D10 /* AppDelegate.swift */; };
		DB302B6C237EF02300076D10 /* SceneDelegate.swift in Sources */ = {isa = PBXBuildFile; fileRef = DB302B6B237EF02300076D10 /* SceneDelegate.swift */; };
		DB302B6F237EF02300076D10 /* PersonOverView.xcdatamodeld in Sources */ = {isa = PBXBuildFile; fileRef = DB302B6D237EF02300076D10 /* PersonOverView.xcdatamodeld */; };
		DB302B71237EF02300076D10 /* PersonOverView.swift in Sources */ = {isa = PBXBuildFile; fileRef = DB302B70237EF02300076D10 /* PersonOverView.swift */; };
		DB302B73237EF02300076D10 /* Assets.xcassets in Resources */ = {isa = PBXBuildFile; fileRef = DB302B72237EF02300076D10 /* Assets.xcassets */; };
		DB302B76237EF02300076D10 /* Preview Assets.xcassets in Resources */ = {isa = PBXBuildFile; fileRef = DB302B75237EF02300076D10 /* Preview Assets.xcassets */; };
		DB302B81237EF16200076D10 /* UserElement.swift in Sources */ = {isa = PBXBuildFile; fileRef = DB302B80237EF16200076D10 /* UserElement.swift */; };
		DB302B83237EF18D00076D10 /* UserElements.swift in Sources */ = {isa = PBXBuildFile; fileRef = DB302B82237EF18D00076D10 /* UserElements.swift */; };
		DB302B85237EF27400076D10 /* SignInView.swift in Sources */ = {isa = PBXBuildFile; fileRef = DB302B84237EF27400076D10 /* SignInView.swift */; };
		DB302B87237EF2A700076D10 /* SignUpView.swift in Sources */ = {isa = PBXBuildFile; fileRef = DB302B86237EF2A700076D10 /* SignUpView.swift */; };
		DB302B8B237EF33100076D10 /* PersonView.swift in Sources */ = {isa = PBXBuildFile; fileRef = DB302B8A237EF33100076D10 /* PersonView.swift */; };
		DB302B8F237EF43400076D10 /* CloudKitUser.swift in Sources */ = {isa = PBXBuildFile; fileRef = DB302B8E237EF43400076D10 /* CloudKitUser.swift */; };
		DB302B93237FDD8600076D10 /* CloudKit.framework in Frameworks */ = {isa = PBXBuildFile; fileRef = DB302B92237FDD8600076D10 /* CloudKit.framework */; };
		DB33E13523F0893100A95FAA /* PostalCode.swift in Sources */ = {isa = PBXBuildFile; fileRef = DB33E13423F0893100A95FAA /* PostalCode.swift */; };
		DB33E13723F09E4B00A95FAA /* CloudKitPostalCode.swift in Sources */ = {isa = PBXBuildFile; fileRef = DB33E13623F09E4B00A95FAA /* CloudKitPostalCode.swift */; };
		DB33E13A23F1D5E800A95FAA /* Postnummerregister-ansi.txt in Resources */ = {isa = PBXBuildFile; fileRef = DB33E13923F1D5E800A95FAA /* Postnummerregister-ansi.txt */; };
		DB33E13C23F35E1B00A95FAA /* FindPostalCode.swift in Sources */ = {isa = PBXBuildFile; fileRef = DB33E13B23F35E1B00A95FAA /* FindPostalCode.swift */; };
		DB33E13E23F4829C00A95FAA /* SearchBar.swift in Sources */ = {isa = PBXBuildFile; fileRef = DB33E13D23F4829C00A95FAA /* SearchBar.swift */; };
		DB33E14023F56F5100A95FAA /* PostalCodeSettings.swift in Sources */ = {isa = PBXBuildFile; fileRef = DB33E13F23F56F5100A95FAA /* PostalCodeSettings.swift */; };
		DB46938023B9F0A50060933E /* ToDoView.swift in Sources */ = {isa = PBXBuildFile; fileRef = DB46937F23B9F0A50060933E /* ToDoView.swift */; };
		DB4A6CEF2411028600349A51 /* MonthDay.swift in Sources */ = {isa = PBXBuildFile; fileRef = DB4A6CEE2411028600349A51 /* MonthDay.swift */; };
		DB4A6CF12413A2BE00349A51 /* FindPostalCodeNewPerson.swift in Sources */ = {isa = PBXBuildFile; fileRef = DB4A6CF02413A2BE00349A51 /* FindPostalCodeNewPerson.swift */; };
		DB4A8F3523DE264900558788 /* Person.swift in Sources */ = {isa = PBXBuildFile; fileRef = DB4A8F3423DE264900558788 /* Person.swift */; };
		DB4A8F3B23DEE76400558788 /* PersonElement.swift in Sources */ = {isa = PBXBuildFile; fileRef = DB4A8F3A23DEE76400558788 /* PersonElement.swift */; };
		DB4A8F3E23DEE79200558788 /* PersonElements.swift in Sources */ = {isa = PBXBuildFile; fileRef = DB4A8F3D23DEE79200558788 /* PersonElements.swift */; };
		DB4A8F4023DEE87B00558788 /* CloudKitPerson.swift in Sources */ = {isa = PBXBuildFile; fileRef = DB4A8F3F23DEE87B00558788 /* CloudKitPerson.swift */; };
		DB6226CA243B21770022F244 /* Create Mac icons.jsx in Resources */ = {isa = PBXBuildFile; fileRef = DB6226C9243B21770022F244 /* Create Mac icons.jsx */; };
		DB65AE7C23E1EE2100568032 /* PersonsOverView.swift in Sources */ = {isa = PBXBuildFile; fileRef = DB65AE7B23E1EE2100568032 /* PersonsOverView.swift */; };
		DB6739C123AA910E00EF9ECD /* SwiftUIImagePicker.swift in Sources */ = {isa = PBXBuildFile; fileRef = DB6739C023AA910E00EF9ECD /* SwiftUIImagePicker.swift */; };
		DB6739C423AD46A800EF9ECD /* InfoPlist.strings in Resources */ = {isa = PBXBuildFile; fileRef = DB6739C223AD46A800EF9ECD /* InfoPlist.strings */; };
		DB6739CB23AE2B0600EF9ECD /* OutputTextField.swift in Sources */ = {isa = PBXBuildFile; fileRef = DB6739CA23AE2B0600EF9ECD /* OutputTextField.swift */; };
		DB691A2023CB31ED004CDBE8 /* CloudKitRecordXXX.swift in Sources */ = {isa = PBXBuildFile; fileRef = DB691A1F23CB31ED004CDBE8 /* CloudKitRecordXXX.swift */; };
		DB6B153524066E9500CF87B9 /* PersonBirthday.swift in Sources */ = {isa = PBXBuildFile; fileRef = DB6B153424066E9500CF87B9 /* PersonBirthday.swift */; };
		DB7027E32406DF3800C94909 /* PersonSendMail.swift in Sources */ = {isa = PBXBuildFile; fileRef = DB7027E22406DF3800C94909 /* PersonSendMail.swift */; };
		DB9A4DD923CDE2AE00948B21 /* UserDeleteView.swift in Sources */ = {isa = PBXBuildFile; fileRef = DB9A4DD823CDE2AE00948B21 /* UserDeleteView.swift */; };
		DB9E4A22242BC0A100C6D085 /* TestMessage.swift in Sources */ = {isa = PBXBuildFile; fileRef = DB9E4A21242BC0A100C6D085 /* TestMessage.swift */; };
		DBB4C62823B6301F0055296B /* ImagePicker.swift in Sources */ = {isa = PBXBuildFile; fileRef = DBB4C62723B6301F0055296B /* ImagePicker.swift */; };
		DBB83D9A23E822CE003AA2C9 /* Localizable.strings in Resources */ = {isa = PBXBuildFile; fileRef = DBB83D9823E822CE003AA2C9 /* Localizable.strings */; };
		DBDA561A23BF5B1C00A44D11 /* AdaptsToSoftwareKeyboard.swift in Sources */ = {isa = PBXBuildFile; fileRef = DBDA561923BF5B1C00A44D11 /* AdaptsToSoftwareKeyboard.swift */; };
		DBE58ACF23CF2D5300D3EF1D /* ResizedImage.swift in Sources */ = {isa = PBXBuildFile; fileRef = DBE58ACE23CF2D5300D3EF1D /* ResizedImage.swift */; };
		DBE58AD123CF798000D3EF1D /* DismissingKeyboard.swift in Sources */ = {isa = PBXBuildFile; fileRef = DBE58AD023CF798000D3EF1D /* DismissingKeyboard.swift */; };
		DBF0397E23E5A50D00230FAA /* NewPersonView.swift in Sources */ = {isa = PBXBuildFile; fileRef = DBF0397D23E5A50D00230FAA /* NewPersonView.swift */; };
		DBF1F1162423ECF700EE707A /* PersonMapView.swift in Sources */ = {isa = PBXBuildFile; fileRef = DBF1F1152423ECF700EE707A /* PersonMapView.swift */; };
		DBF1F1182423F24300EE707A /* MapView.swift in Sources */ = {isa = PBXBuildFile; fileRef = DBF1F1172423F24300EE707A /* MapView.swift */; };
		DBF1F11A2423F4F300EE707A /* Coordinator.swift in Sources */ = {isa = PBXBuildFile; fileRef = DBF1F1192423F4F300EE707A /* Coordinator.swift */; };
		DBF1F11C2423F85300EE707A /* LocationManager.swift in Sources */ = {isa = PBXBuildFile; fileRef = DBF1F11B2423F85300EE707A /* LocationManager.swift */; };
		DBFC29C323C48F6C00F2224B /* SettingView.swift in Sources */ = {isa = PBXBuildFile; fileRef = DBFC29C223C48F6C00F2224B /* SettingView.swift */; };
		DBFC29CB23C5DE8500F2224B /* UserMaintenanceView.swift in Sources */ = {isa = PBXBuildFile; fileRef = DBFC29CA23C5DE8500F2224B /* UserMaintenanceView.swift */; };
		DBFC29CF23C74D6900F2224B /* User.swift in Sources */ = {isa = PBXBuildFile; fileRef = DBFC29CE23C74D6900F2224B /* User.swift */; };
/* End PBXBuildFile section */

/* Begin PBXFileReference section */
		DB1FEF8E2380554F00F8D763 /* Launch Screen.storyboard */ = {isa = PBXFileReference; lastKnownFileType = file.storyboard; path = "Launch Screen.storyboard"; sourceTree = "<group>"; };
		DB1FEF90238055FE00F8D763 /* InputTextField.swift */ = {isa = PBXFileReference; lastKnownFileType = sourcecode.swift; path = InputTextField.swift; sourceTree = "<group>"; };
		DB1FEF922380592F00F8D763 /* InputGender.swift */ = {isa = PBXFileReference; lastKnownFileType = sourcecode.swift; path = InputGender.swift; sourceTree = "<group>"; };
		DB28D73A23D615E900CF6915 /* AlertID.swift */ = {isa = PBXFileReference; lastKnownFileType = sourcecode.swift; path = AlertID.swift; sourceTree = "<group>"; };
		DB302B66237EF02300076D10 /* PersonOverView.app */ = {isa = PBXFileReference; explicitFileType = wrapper.application; includeInIndex = 0; path = PersonOverView.app; sourceTree = BUILT_PRODUCTS_DIR; };
		DB302B69237EF02300076D10 /* AppDelegate.swift */ = {isa = PBXFileReference; lastKnownFileType = sourcecode.swift; path = AppDelegate.swift; sourceTree = "<group>"; };
		DB302B6B237EF02300076D10 /* SceneDelegate.swift */ = {isa = PBXFileReference; lastKnownFileType = sourcecode.swift; path = SceneDelegate.swift; sourceTree = "<group>"; };
		DB302B6E237EF02300076D10 /* PersonOverView.xcdatamodel */ = {isa = PBXFileReference; lastKnownFileType = wrapper.xcdatamodel; path = PersonOverView.xcdatamodel; sourceTree = "<group>"; };
		DB302B70237EF02300076D10 /* PersonOverView.swift */ = {isa = PBXFileReference; lastKnownFileType = sourcecode.swift; path = PersonOverView.swift; sourceTree = "<group>"; };
		DB302B72237EF02300076D10 /* Assets.xcassets */ = {isa = PBXFileReference; lastKnownFileType = folder.assetcatalog; path = Assets.xcassets; sourceTree = "<group>"; };
		DB302B75237EF02300076D10 /* Preview Assets.xcassets */ = {isa = PBXFileReference; lastKnownFileType = folder.assetcatalog; path = "Preview Assets.xcassets"; sourceTree = "<group>"; };
		DB302B7A237EF02300076D10 /* Info.plist */ = {isa = PBXFileReference; lastKnownFileType = text.plist.xml; path = Info.plist; sourceTree = "<group>"; };
		DB302B80237EF16200076D10 /* UserElement.swift */ = {isa = PBXFileReference; lastKnownFileType = sourcecode.swift; path = UserElement.swift; sourceTree = "<group>"; };
		DB302B82237EF18D00076D10 /* UserElements.swift */ = {isa = PBXFileReference; lastKnownFileType = sourcecode.swift; path = UserElements.swift; sourceTree = "<group>"; };
		DB302B84237EF27400076D10 /* SignInView.swift */ = {isa = PBXFileReference; lastKnownFileType = sourcecode.swift; path = SignInView.swift; sourceTree = "<group>"; };
		DB302B86237EF2A700076D10 /* SignUpView.swift */ = {isa = PBXFileReference; lastKnownFileType = sourcecode.swift; path = SignUpView.swift; sourceTree = "<group>"; };
		DB302B8A237EF33100076D10 /* PersonView.swift */ = {isa = PBXFileReference; lastKnownFileType = sourcecode.swift; path = PersonView.swift; sourceTree = "<group>"; };
		DB302B8E237EF43400076D10 /* CloudKitUser.swift */ = {isa = PBXFileReference; lastKnownFileType = sourcecode.swift; path = CloudKitUser.swift; sourceTree = "<group>"; };
		DB302B90237FDD7200076D10 /* PersonOverView.entitlements */ = {isa = PBXFileReference; lastKnownFileType = text.plist.entitlements; path = PersonOverView.entitlements; sourceTree = "<group>"; };
		DB302B92237FDD8600076D10 /* CloudKit.framework */ = {isa = PBXFileReference; lastKnownFileType = wrapper.framework; name = CloudKit.framework; path = System/Library/Frameworks/CloudKit.framework; sourceTree = SDKROOT; };
		DB33E13423F0893100A95FAA /* PostalCode.swift */ = {isa = PBXFileReference; lastKnownFileType = sourcecode.swift; path = PostalCode.swift; sourceTree = "<group>"; };
		DB33E13623F09E4B00A95FAA /* CloudKitPostalCode.swift */ = {isa = PBXFileReference; lastKnownFileType = sourcecode.swift; path = CloudKitPostalCode.swift; sourceTree = "<group>"; };
		DB33E13923F1D5E800A95FAA /* Postnummerregister-ansi.txt */ = {isa = PBXFileReference; fileEncoding = 4; lastKnownFileType = text; path = "Postnummerregister-ansi.txt"; sourceTree = "<group>"; };
		DB33E13B23F35E1B00A95FAA /* FindPostalCode.swift */ = {isa = PBXFileReference; lastKnownFileType = sourcecode.swift; path = FindPostalCode.swift; sourceTree = "<group>"; };
		DB33E13D23F4829C00A95FAA /* SearchBar.swift */ = {isa = PBXFileReference; lastKnownFileType = sourcecode.swift; path = SearchBar.swift; sourceTree = "<group>"; };
		DB33E13F23F56F5100A95FAA /* PostalCodeSettings.swift */ = {isa = PBXFileReference; lastKnownFileType = sourcecode.swift; path = PostalCodeSettings.swift; sourceTree = "<group>"; };
		DB46937F23B9F0A50060933E /* ToDoView.swift */ = {isa = PBXFileReference; lastKnownFileType = sourcecode.swift; path = ToDoView.swift; sourceTree = "<group>"; };
		DB4A6CEE2411028600349A51 /* MonthDay.swift */ = {isa = PBXFileReference; lastKnownFileType = sourcecode.swift; path = MonthDay.swift; sourceTree = "<group>"; };
		DB4A6CF02413A2BE00349A51 /* FindPostalCodeNewPerson.swift */ = {isa = PBXFileReference; lastKnownFileType = sourcecode.swift; path = FindPostalCodeNewPerson.swift; sourceTree = "<group>"; };
		DB4A8F3423DE264900558788 /* Person.swift */ = {isa = PBXFileReference; lastKnownFileType = sourcecode.swift; path = Person.swift; sourceTree = "<group>"; };
		DB4A8F3A23DEE76400558788 /* PersonElement.swift */ = {isa = PBXFileReference; lastKnownFileType = sourcecode.swift; path = PersonElement.swift; sourceTree = "<group>"; };
		DB4A8F3D23DEE79200558788 /* PersonElements.swift */ = {isa = PBXFileReference; lastKnownFileType = sourcecode.swift; path = PersonElements.swift; sourceTree = "<group>"; };
		DB4A8F3F23DEE87B00558788 /* CloudKitPerson.swift */ = {isa = PBXFileReference; lastKnownFileType = sourcecode.swift; path = CloudKitPerson.swift; sourceTree = "<group>"; };
		DB6226C9243B21770022F244 /* Create Mac icons.jsx */ = {isa = PBXFileReference; fileEncoding = 4; lastKnownFileType = text; name = "Create Mac icons.jsx"; path = "../../../../../../../Desktop/Create Mac icons.jsx"; sourceTree = "<group>"; };
		DB65AE7B23E1EE2100568032 /* PersonsOverView.swift */ = {isa = PBXFileReference; lastKnownFileType = sourcecode.swift; path = PersonsOverView.swift; sourceTree = "<group>"; };
		DB6739C023AA910E00EF9ECD /* SwiftUIImagePicker.swift */ = {isa = PBXFileReference; lastKnownFileType = sourcecode.swift; path = SwiftUIImagePicker.swift; sourceTree = "<group>"; };
		DB6739C923AD495500EF9ECD /* nb-NO */ = {isa = PBXFileReference; lastKnownFileType = text.plist.strings; name = "nb-NO"; path = "nb-NO.lproj/InfoPlist.strings"; sourceTree = "<group>"; };
		DB6739CA23AE2B0600EF9ECD /* OutputTextField.swift */ = {isa = PBXFileReference; lastKnownFileType = sourcecode.swift; path = OutputTextField.swift; sourceTree = "<group>"; };
		DB691A1F23CB31ED004CDBE8 /* CloudKitRecordXXX.swift */ = {isa = PBXFileReference; lastKnownFileType = sourcecode.swift; path = CloudKitRecordXXX.swift; sourceTree = "<group>"; };
		DB6B153424066E9500CF87B9 /* PersonBirthday.swift */ = {isa = PBXFileReference; lastKnownFileType = sourcecode.swift; path = PersonBirthday.swift; sourceTree = "<group>"; };
		DB7027E22406DF3800C94909 /* PersonSendMail.swift */ = {isa = PBXFileReference; lastKnownFileType = sourcecode.swift; path = PersonSendMail.swift; sourceTree = "<group>"; };
		DB9A4DD823CDE2AE00948B21 /* UserDeleteView.swift */ = {isa = PBXFileReference; lastKnownFileType = sourcecode.swift; path = UserDeleteView.swift; sourceTree = "<group>"; };
		DB9E4A21242BC0A100C6D085 /* TestMessage.swift */ = {isa = PBXFileReference; lastKnownFileType = sourcecode.swift; path = TestMessage.swift; sourceTree = "<group>"; };
		DBB4C62723B6301F0055296B /* ImagePicker.swift */ = {isa = PBXFileReference; lastKnownFileType = sourcecode.swift; path = ImagePicker.swift; sourceTree = "<group>"; };
		DBB83D9923E822CE003AA2C9 /* nb-NO */ = {isa = PBXFileReference; lastKnownFileType = text.plist.strings; name = "nb-NO"; path = "nb-NO.lproj/Localizable.strings"; sourceTree = "<group>"; };
		DBDA561923BF5B1C00A44D11 /* AdaptsToSoftwareKeyboard.swift */ = {isa = PBXFileReference; lastKnownFileType = sourcecode.swift; path = AdaptsToSoftwareKeyboard.swift; sourceTree = "<group>"; };
		DBDE717223E71A88004F9CA8 /* PersonOverView copy-Info.plist */ = {isa = PBXFileReference; lastKnownFileType = text.plist.xml; name = "PersonOverView copy-Info.plist"; path = "/Users/janhovland/Desktop/SwiftUI/PersonOverView/PersonOverView copy-Info.plist"; sourceTree = "<absolute>"; };
		DBDE717423E72D7A004F9CA8 /* nb-NO */ = {isa = PBXFileReference; lastKnownFileType = text.plist.strings; name = "nb-NO"; path = "nb-NO.lproj/Localizable.strings"; sourceTree = "<group>"; };
		DBE58ACE23CF2D5300D3EF1D /* ResizedImage.swift */ = {isa = PBXFileReference; lastKnownFileType = sourcecode.swift; path = ResizedImage.swift; sourceTree = "<group>"; };
		DBE58AD023CF798000D3EF1D /* DismissingKeyboard.swift */ = {isa = PBXFileReference; lastKnownFileType = sourcecode.swift; path = DismissingKeyboard.swift; sourceTree = "<group>"; };
		DBF0397D23E5A50D00230FAA /* NewPersonView.swift */ = {isa = PBXFileReference; lastKnownFileType = sourcecode.swift; path = NewPersonView.swift; sourceTree = "<group>"; };
		DBF1F1152423ECF700EE707A /* PersonMapView.swift */ = {isa = PBXFileReference; lastKnownFileType = sourcecode.swift; path = PersonMapView.swift; sourceTree = "<group>"; };
		DBF1F1172423F24300EE707A /* MapView.swift */ = {isa = PBXFileReference; lastKnownFileType = sourcecode.swift; path = MapView.swift; sourceTree = "<group>"; };
		DBF1F1192423F4F300EE707A /* Coordinator.swift */ = {isa = PBXFileReference; lastKnownFileType = sourcecode.swift; path = Coordinator.swift; sourceTree = "<group>"; };
		DBF1F11B2423F85300EE707A /* LocationManager.swift */ = {isa = PBXFileReference; lastKnownFileType = sourcecode.swift; path = LocationManager.swift; sourceTree = "<group>"; };
		DBFC29C223C48F6C00F2224B /* SettingView.swift */ = {isa = PBXFileReference; lastKnownFileType = sourcecode.swift; path = SettingView.swift; sourceTree = "<group>"; };
		DBFC29CA23C5DE8500F2224B /* UserMaintenanceView.swift */ = {isa = PBXFileReference; lastKnownFileType = sourcecode.swift; path = UserMaintenanceView.swift; sourceTree = "<group>"; };
		DBFC29CE23C74D6900F2224B /* User.swift */ = {isa = PBXFileReference; lastKnownFileType = sourcecode.swift; path = User.swift; sourceTree = "<group>"; };
/* End PBXFileReference section */

/* Begin PBXFrameworksBuildPhase section */
		DB302B63237EF02300076D10 /* Frameworks */ = {
			isa = PBXFrameworksBuildPhase;
			buildActionMask = 2147483647;
			files = (
				DB302B93237FDD8600076D10 /* CloudKit.framework in Frameworks */,
			);
			runOnlyForDeploymentPostprocessing = 0;
		};
/* End PBXFrameworksBuildPhase section */

/* Begin PBXGroup section */
		DB302B5D237EF02300076D10 = {
			isa = PBXGroup;
			children = (
				DB302B68237EF02300076D10 /* PersonOverView */,
				DB302B67237EF02300076D10 /* Products */,
				DB302B91237FDD8600076D10 /* Frameworks */,
				DBDE717223E71A88004F9CA8 /* PersonOverView copy-Info.plist */,
				DBDE717323E72D7A004F9CA8 /* Localizable.strings */,
			);
			sourceTree = "<group>";
		};
		DB302B67237EF02300076D10 /* Products */ = {
			isa = PBXGroup;
			children = (
				DB302B66237EF02300076D10 /* PersonOverView.app */,
			);
			name = Products;
			sourceTree = "<group>";
		};
		DB302B68237EF02300076D10 /* PersonOverView */ = {
			isa = PBXGroup;
			children = (
				DB302B69237EF02300076D10 /* AppDelegate.swift */,
				DB302B72237EF02300076D10 /* Assets.xcassets */,
				DB302B7A237EF02300076D10 /* Info.plist */,
				DBB83D9823E822CE003AA2C9 /* Localizable.strings */,
				DB6226C9243B21770022F244 /* Create Mac icons.jsx */,
				DB6739C223AD46A800EF9ECD /* InfoPlist.strings */,
				DB1FEF8E2380554F00F8D763 /* Launch Screen.storyboard */,
				DB302B6D237EF02300076D10 /* PersonOverView.xcdatamodeld */,
				DB302B90237FDD7200076D10 /* PersonOverView.entitlements */,
				DB302B6B237EF02300076D10 /* SceneDelegate.swift */,
				DB46937F23B9F0A50060933E /* ToDoView.swift */,
				DBF1F11D24240A2D00EE707A /* Map */,
				DB4A8F3723DEDC8D00558788 /* CloudKit */,
				DB4A8F3323DE260700558788 /* Model */,
				DB33E12D23EF63BD00A95FAA /* PostalCode */,
				DB4A8F3923DEDDD200558788 /* Person */,
				DB33E13823F17E5900A95FAA /* Settings */,
				DB4A8F3823DEDDA100558788 /* User */,
				DB4A8F3623DEDC1C00558788 /* Utilities */,
				DB302B74237EF02300076D10 /* Preview Content */,
			);
			path = PersonOverView;
			sourceTree = "<group>";
		};
		DB302B74237EF02300076D10 /* Preview Content */ = {
			isa = PBXGroup;
			children = (
				DB302B75237EF02300076D10 /* Preview Assets.xcassets */,
			);
			path = "Preview Content";
			sourceTree = "<group>";
		};
		DB302B91237FDD8600076D10 /* Frameworks */ = {
			isa = PBXGroup;
			children = (
				DB302B92237FDD8600076D10 /* CloudKit.framework */,
			);
			name = Frameworks;
			sourceTree = "<group>";
		};
		DB33E12D23EF63BD00A95FAA /* PostalCode */ = {
			isa = PBXGroup;
			children = (
				DB33E13B23F35E1B00A95FAA /* FindPostalCode.swift */,
				DB33E13923F1D5E800A95FAA /* Postnummerregister-ansi.txt */,
				DB4A6CF02413A2BE00349A51 /* FindPostalCodeNewPerson.swift */,
			);
			path = PostalCode;
			sourceTree = "<group>";
		};
		DB33E13823F17E5900A95FAA /* Settings */ = {
			isa = PBXGroup;
			children = (
				DBFC29C223C48F6C00F2224B /* SettingView.swift */,
			);
			path = Settings;
			sourceTree = "<group>";
		};
		DB4A8F3323DE260700558788 /* Model */ = {
			isa = PBXGroup;
			children = (
				DB4A8F3423DE264900558788 /* Person.swift */,
				DB4A8F3A23DEE76400558788 /* PersonElement.swift */,
				DB4A8F3D23DEE79200558788 /* PersonElements.swift */,
				DB33E13423F0893100A95FAA /* PostalCode.swift */,
				DB33E13F23F56F5100A95FAA /* PostalCodeSettings.swift */,
				DBFC29CE23C74D6900F2224B /* User.swift */,
				DB302B80237EF16200076D10 /* UserElement.swift */,
				DB302B82237EF18D00076D10 /* UserElements.swift */,
			);
			path = Model;
			sourceTree = "<group>";
		};
		DB4A8F3623DEDC1C00558788 /* Utilities */ = {
			isa = PBXGroup;
			children = (
				DBDA561923BF5B1C00A44D11 /* AdaptsToSoftwareKeyboard.swift */,
				DB28D73A23D615E900CF6915 /* AlertID.swift */,
				DBE58AD023CF798000D3EF1D /* DismissingKeyboard.swift */,
				DBB4C62723B6301F0055296B /* ImagePicker.swift */,
				DB1FEF922380592F00F8D763 /* InputGender.swift */,
				DB1FEF90238055FE00F8D763 /* InputTextField.swift */,
				DB6739CA23AE2B0600EF9ECD /* OutputTextField.swift */,
				DBE58ACE23CF2D5300D3EF1D /* ResizedImage.swift */,
				DB6739C023AA910E00EF9ECD /* SwiftUIImagePicker.swift */,
				DB33E13D23F4829C00A95FAA /* SearchBar.swift */,
				DB4A6CEE2411028600349A51 /* MonthDay.swift */,
			);
			path = Utilities;
			sourceTree = "<group>";
		};
		DB4A8F3723DEDC8D00558788 /* CloudKit */ = {
			isa = PBXGroup;
			children = (
				DB691A1F23CB31ED004CDBE8 /* CloudKitRecordXXX.swift */,
				DB302B8E237EF43400076D10 /* CloudKitUser.swift */,
				DB4A8F3F23DEE87B00558788 /* CloudKitPerson.swift */,
				DB33E13623F09E4B00A95FAA /* CloudKitPostalCode.swift */,
			);
			path = CloudKit;
			sourceTree = "<group>";
		};
		DB4A8F3823DEDDA100558788 /* User */ = {
			isa = PBXGroup;
			children = (
				DB302B84237EF27400076D10 /* SignInView.swift */,
				DB302B86237EF2A700076D10 /* SignUpView.swift */,
				DB9A4DD823CDE2AE00948B21 /* UserDeleteView.swift */,
				DBFC29CA23C5DE8500F2224B /* UserMaintenanceView.swift */,
			);
			path = User;
			sourceTree = "<group>";
		};
		DB4A8F3923DEDDD200558788 /* Person */ = {
			isa = PBXGroup;
			children = (
				DBF0397D23E5A50D00230FAA /* NewPersonView.swift */,
				DB6B153424066E9500CF87B9 /* PersonBirthday.swift */,
				DBF1F1152423ECF700EE707A /* PersonMapView.swift */,
				DB302B8A237EF33100076D10 /* PersonView.swift */,
				DB302B70237EF02300076D10 /* PersonOverView.swift */,
				DB65AE7B23E1EE2100568032 /* PersonsOverView.swift */,
				DB7027E22406DF3800C94909 /* PersonSendMail.swift */,
				DB9E4A21242BC0A100C6D085 /* TestMessage.swift */,
			);
			path = Person;
			sourceTree = "<group>";
		};
		DBF1F11D24240A2D00EE707A /* Map */ = {
			isa = PBXGroup;
			children = (
				DBF1F1192423F4F300EE707A /* Coordinator.swift */,
				DBF1F11B2423F85300EE707A /* LocationManager.swift */,
				DBF1F1172423F24300EE707A /* MapView.swift */,
			);
			path = Map;
			sourceTree = "<group>";
		};
/* End PBXGroup section */

/* Begin PBXNativeTarget section */
		DB302B65237EF02300076D10 /* PersonOverView */ = {
			isa = PBXNativeTarget;
			buildConfigurationList = DB302B7D237EF02300076D10 /* Build configuration list for PBXNativeTarget "PersonOverView" */;
			buildPhases = (
				DB302B62237EF02300076D10 /* Sources */,
				DB302B63237EF02300076D10 /* Frameworks */,
				DB302B64237EF02300076D10 /* Resources */,
			);
			buildRules = (
			);
			dependencies = (
			);
			name = PersonOverView;
			productName = PersonOverView;
			productReference = DB302B66237EF02300076D10 /* PersonOverView.app */;
			productType = "com.apple.product-type.application";
		};
/* End PBXNativeTarget section */

/* Begin PBXProject section */
		DB302B5E237EF02300076D10 /* Project object */ = {
			isa = PBXProject;
			attributes = {
				LastSwiftUpdateCheck = 1120;
				LastUpgradeCheck = 1130;
				ORGANIZATIONNAME = "Jan Hovland";
				TargetAttributes = {
					DB302B65237EF02300076D10 = {
						CreatedOnToolsVersion = 11.2.1;
					};
				};
			};
			buildConfigurationList = DB302B61237EF02300076D10 /* Build configuration list for PBXProject "PersonOverView" */;
			compatibilityVersion = "Xcode 9.3";
			developmentRegion = en;
			hasScannedForEncodings = 0;
			knownRegions = (
				en,
				Base,
				"nb-NO",
			);
			mainGroup = DB302B5D237EF02300076D10;
			productRefGroup = DB302B67237EF02300076D10 /* Products */;
			projectDirPath = "";
			projectRoot = "";
			targets = (
				DB302B65237EF02300076D10 /* PersonOverView */,
			);
		};
/* End PBXProject section */

/* Begin PBXResourcesBuildPhase section */
		DB302B64237EF02300076D10 /* Resources */ = {
			isa = PBXResourcesBuildPhase;
			buildActionMask = 2147483647;
			files = (
				DB33E13A23F1D5E800A95FAA /* Postnummerregister-ansi.txt in Resources */,
				DBB83D9A23E822CE003AA2C9 /* Localizable.strings in Resources */,
				DB302B76237EF02300076D10 /* Preview Assets.xcassets in Resources */,
				DB6226CA243B21770022F244 /* Create Mac icons.jsx in Resources */,
				DB6739C423AD46A800EF9ECD /* InfoPlist.strings in Resources */,
				DB1FEF8F2380554F00F8D763 /* Launch Screen.storyboard in Resources */,
				DB302B73237EF02300076D10 /* Assets.xcassets in Resources */,
			);
			runOnlyForDeploymentPostprocessing = 0;
		};
/* End PBXResourcesBuildPhase section */

/* Begin PBXSourcesBuildPhase section */
		DB302B62237EF02300076D10 /* Sources */ = {
			isa = PBXSourcesBuildPhase;
			buildActionMask = 2147483647;
			files = (
				DB4A6CF12413A2BE00349A51 /* FindPostalCodeNewPerson.swift in Sources */,
				DBDA561A23BF5B1C00A44D11 /* AdaptsToSoftwareKeyboard.swift in Sources */,
				DBE58AD123CF798000D3EF1D /* DismissingKeyboard.swift in Sources */,
				DB302B6F237EF02300076D10 /* PersonOverView.xcdatamodeld in Sources */,
				DB4A8F3E23DEE79200558788 /* PersonElements.swift in Sources */,
				DB33E13C23F35E1B00A95FAA /* FindPostalCode.swift in Sources */,
				DBF1F11A2423F4F300EE707A /* Coordinator.swift in Sources */,
				DB7027E32406DF3800C94909 /* PersonSendMail.swift in Sources */,
				DB302B6A237EF02300076D10 /* AppDelegate.swift in Sources */,
				DBB4C62823B6301F0055296B /* ImagePicker.swift in Sources */,
				DB33E13E23F4829C00A95FAA /* SearchBar.swift in Sources */,
				DBF1F1162423ECF700EE707A /* PersonMapView.swift in Sources */,
				DB4A8F4023DEE87B00558788 /* CloudKitPerson.swift in Sources */,
				DB302B71237EF02300076D10 /* PersonOverView.swift in Sources */,
				DB33E14023F56F5100A95FAA /* PostalCodeSettings.swift in Sources */,
				DB4A6CEF2411028600349A51 /* MonthDay.swift in Sources */,
				DB33E13723F09E4B00A95FAA /* CloudKitPostalCode.swift in Sources */,
				DB302B81237EF16200076D10 /* UserElement.swift in Sources */,
				DB65AE7C23E1EE2100568032 /* PersonsOverView.swift in Sources */,
				DB302B8B237EF33100076D10 /* PersonView.swift in Sources */,
				DB4A8F3B23DEE76400558788 /* PersonElement.swift in Sources */,
				DB28D73B23D615E900CF6915 /* AlertID.swift in Sources */,
				DB1FEF932380592F00F8D763 /* InputGender.swift in Sources */,
				DB691A2023CB31ED004CDBE8 /* CloudKitRecordXXX.swift in Sources */,
				DBF1F1182423F24300EE707A /* MapView.swift in Sources */,
				DB302B87237EF2A700076D10 /* SignUpView.swift in Sources */,
				DBFC29C323C48F6C00F2224B /* SettingView.swift in Sources */,
				DB302B6C237EF02300076D10 /* SceneDelegate.swift in Sources */,
				DB6B153524066E9500CF87B9 /* PersonBirthday.swift in Sources */,
				DB6739CB23AE2B0600EF9ECD /* OutputTextField.swift in Sources */,
				DB1FEF91238055FE00F8D763 /* InputTextField.swift in Sources */,
				DBE58ACF23CF2D5300D3EF1D /* ResizedImage.swift in Sources */,
				DB4A8F3523DE264900558788 /* Person.swift in Sources */,
				DB302B85237EF27400076D10 /* SignInView.swift in Sources */,
				DB302B83237EF18D00076D10 /* UserElements.swift in Sources */,
				DB46938023B9F0A50060933E /* ToDoView.swift in Sources */,
				DBF1F11C2423F85300EE707A /* LocationManager.swift in Sources */,
				DB302B8F237EF43400076D10 /* CloudKitUser.swift in Sources */,
				DB9E4A22242BC0A100C6D085 /* TestMessage.swift in Sources */,
				DBF0397E23E5A50D00230FAA /* NewPersonView.swift in Sources */,
				DB33E13523F0893100A95FAA /* PostalCode.swift in Sources */,
				DB9A4DD923CDE2AE00948B21 /* UserDeleteView.swift in Sources */,
				DBFC29CB23C5DE8500F2224B /* UserMaintenanceView.swift in Sources */,
				DB6739C123AA910E00EF9ECD /* SwiftUIImagePicker.swift in Sources */,
				DBFC29CF23C74D6900F2224B /* User.swift in Sources */,
			);
			runOnlyForDeploymentPostprocessing = 0;
		};
/* End PBXSourcesBuildPhase section */

/* Begin PBXVariantGroup section */
		DB6739C223AD46A800EF9ECD /* InfoPlist.strings */ = {
			isa = PBXVariantGroup;
			children = (
				DB6739C923AD495500EF9ECD /* nb-NO */,
			);
			name = InfoPlist.strings;
			sourceTree = "<group>";
		};
		DBB83D9823E822CE003AA2C9 /* Localizable.strings */ = {
			isa = PBXVariantGroup;
			children = (
				DBB83D9923E822CE003AA2C9 /* nb-NO */,
			);
			name = Localizable.strings;
			sourceTree = "<group>";
		};
		DBDE717323E72D7A004F9CA8 /* Localizable.strings */ = {
			isa = PBXVariantGroup;
			children = (
				DBDE717423E72D7A004F9CA8 /* nb-NO */,
			);
			name = Localizable.strings;
			sourceTree = "<group>";
		};
/* End PBXVariantGroup section */

/* Begin XCBuildConfiguration section */
		DB302B7B237EF02300076D10 /* Debug */ = {
			isa = XCBuildConfiguration;
			buildSettings = {
				ALWAYS_SEARCH_USER_PATHS = NO;
				CLANG_ANALYZER_LOCALIZABILITY_NONLOCALIZED = YES;
				CLANG_ANALYZER_NONNULL = YES;
				CLANG_ANALYZER_NUMBER_OBJECT_CONVERSION = YES_AGGRESSIVE;
				CLANG_CXX_LANGUAGE_STANDARD = "gnu++14";
				CLANG_CXX_LIBRARY = "libc++";
				CLANG_ENABLE_MODULES = YES;
				CLANG_ENABLE_OBJC_ARC = YES;
				CLANG_ENABLE_OBJC_WEAK = YES;
				CLANG_WARN_BLOCK_CAPTURE_AUTORELEASING = YES;
				CLANG_WARN_BOOL_CONVERSION = YES;
				CLANG_WARN_COMMA = YES;
				CLANG_WARN_CONSTANT_CONVERSION = YES;
				CLANG_WARN_DEPRECATED_OBJC_IMPLEMENTATIONS = YES;
				CLANG_WARN_DIRECT_OBJC_ISA_USAGE = YES_ERROR;
				CLANG_WARN_DOCUMENTATION_COMMENTS = YES;
				CLANG_WARN_EMPTY_BODY = YES;
				CLANG_WARN_ENUM_CONVERSION = YES;
				CLANG_WARN_INFINITE_RECURSION = YES;
				CLANG_WARN_INT_CONVERSION = YES;
				CLANG_WARN_NON_LITERAL_NULL_CONVERSION = YES;
				CLANG_WARN_OBJC_IMPLICIT_RETAIN_SELF = YES;
				CLANG_WARN_OBJC_LITERAL_CONVERSION = YES;
				CLANG_WARN_OBJC_ROOT_CLASS = YES_ERROR;
				CLANG_WARN_RANGE_LOOP_ANALYSIS = YES;
				CLANG_WARN_STRICT_PROTOTYPES = YES;
				CLANG_WARN_SUSPICIOUS_MOVE = YES;
				CLANG_WARN_UNGUARDED_AVAILABILITY = YES_AGGRESSIVE;
				CLANG_WARN_UNREACHABLE_CODE = YES;
				CLANG_WARN__DUPLICATE_METHOD_MATCH = YES;
				COPY_PHASE_STRIP = NO;
				DEBUG_INFORMATION_FORMAT = dwarf;
				ENABLE_STRICT_OBJC_MSGSEND = YES;
				ENABLE_TESTABILITY = YES;
				GCC_C_LANGUAGE_STANDARD = gnu11;
				GCC_DYNAMIC_NO_PIC = NO;
				GCC_NO_COMMON_BLOCKS = YES;
				GCC_OPTIMIZATION_LEVEL = 0;
				GCC_PREPROCESSOR_DEFINITIONS = (
					"DEBUG=1",
					"$(inherited)",
				);
				GCC_WARN_64_TO_32_BIT_CONVERSION = YES;
				GCC_WARN_ABOUT_RETURN_TYPE = YES_ERROR;
				GCC_WARN_UNDECLARED_SELECTOR = YES;
				GCC_WARN_UNINITIALIZED_AUTOS = YES_AGGRESSIVE;
				GCC_WARN_UNUSED_FUNCTION = YES;
				GCC_WARN_UNUSED_VARIABLE = YES;
				IPHONEOS_DEPLOYMENT_TARGET = 13.2;
				MTL_ENABLE_DEBUG_INFO = INCLUDE_SOURCE;
				MTL_FAST_MATH = YES;
				ONLY_ACTIVE_ARCH = YES;
				SDKROOT = iphoneos;
				SWIFT_ACTIVE_COMPILATION_CONDITIONS = DEBUG;
				SWIFT_OPTIMIZATION_LEVEL = "-Onone";
			};
			name = Debug;
		};
		DB302B7C237EF02300076D10 /* Release */ = {
			isa = XCBuildConfiguration;
			buildSettings = {
				ALWAYS_SEARCH_USER_PATHS = NO;
				CLANG_ANALYZER_LOCALIZABILITY_NONLOCALIZED = YES;
				CLANG_ANALYZER_NONNULL = YES;
				CLANG_ANALYZER_NUMBER_OBJECT_CONVERSION = YES_AGGRESSIVE;
				CLANG_CXX_LANGUAGE_STANDARD = "gnu++14";
				CLANG_CXX_LIBRARY = "libc++";
				CLANG_ENABLE_MODULES = YES;
				CLANG_ENABLE_OBJC_ARC = YES;
				CLANG_ENABLE_OBJC_WEAK = YES;
				CLANG_WARN_BLOCK_CAPTURE_AUTORELEASING = YES;
				CLANG_WARN_BOOL_CONVERSION = YES;
				CLANG_WARN_COMMA = YES;
				CLANG_WARN_CONSTANT_CONVERSION = YES;
				CLANG_WARN_DEPRECATED_OBJC_IMPLEMENTATIONS = YES;
				CLANG_WARN_DIRECT_OBJC_ISA_USAGE = YES_ERROR;
				CLANG_WARN_DOCUMENTATION_COMMENTS = YES;
				CLANG_WARN_EMPTY_BODY = YES;
				CLANG_WARN_ENUM_CONVERSION = YES;
				CLANG_WARN_INFINITE_RECURSION = YES;
				CLANG_WARN_INT_CONVERSION = YES;
				CLANG_WARN_NON_LITERAL_NULL_CONVERSION = YES;
				CLANG_WARN_OBJC_IMPLICIT_RETAIN_SELF = YES;
				CLANG_WARN_OBJC_LITERAL_CONVERSION = YES;
				CLANG_WARN_OBJC_ROOT_CLASS = YES_ERROR;
				CLANG_WARN_RANGE_LOOP_ANALYSIS = YES;
				CLANG_WARN_STRICT_PROTOTYPES = YES;
				CLANG_WARN_SUSPICIOUS_MOVE = YES;
				CLANG_WARN_UNGUARDED_AVAILABILITY = YES_AGGRESSIVE;
				CLANG_WARN_UNREACHABLE_CODE = YES;
				CLANG_WARN__DUPLICATE_METHOD_MATCH = YES;
				COPY_PHASE_STRIP = NO;
				DEBUG_INFORMATION_FORMAT = "dwarf-with-dsym";
				ENABLE_NS_ASSERTIONS = NO;
				ENABLE_STRICT_OBJC_MSGSEND = YES;
				GCC_C_LANGUAGE_STANDARD = gnu11;
				GCC_NO_COMMON_BLOCKS = YES;
				GCC_WARN_64_TO_32_BIT_CONVERSION = YES;
				GCC_WARN_ABOUT_RETURN_TYPE = YES_ERROR;
				GCC_WARN_UNDECLARED_SELECTOR = YES;
				GCC_WARN_UNINITIALIZED_AUTOS = YES_AGGRESSIVE;
				GCC_WARN_UNUSED_FUNCTION = YES;
				GCC_WARN_UNUSED_VARIABLE = YES;
				IPHONEOS_DEPLOYMENT_TARGET = 13.2;
				MTL_ENABLE_DEBUG_INFO = NO;
				MTL_FAST_MATH = YES;
				SDKROOT = iphoneos;
				SWIFT_COMPILATION_MODE = wholemodule;
				SWIFT_OPTIMIZATION_LEVEL = "-O";
				VALIDATE_PRODUCT = YES;
			};
			name = Release;
		};
		DB302B7E237EF02300076D10 /* Debug */ = {
			isa = XCBuildConfiguration;
			buildSettings = {
				ASSETCATALOG_COMPILER_APPICON_NAME = AppIcon;
				CODE_SIGN_ENTITLEMENTS = PersonOverView/PersonOverView.entitlements;
				CODE_SIGN_STYLE = Automatic;
				DEVELOPMENT_ASSET_PATHS = "\"PersonOverView/Preview Content\"";
				DEVELOPMENT_TEAM = 6UR9TA6744;
				ENABLE_PREVIEWS = YES;
				INFOPLIST_FILE = PersonOverView/Info.plist;
				IPHONEOS_DEPLOYMENT_TARGET = 13.4;
				LD_RUNPATH_SEARCH_PATHS = (
					"$(inherited)",
					"@executable_path/Frameworks",
				);
				PRODUCT_BUNDLE_IDENTIFIER = com.janhovland.PersonsOverView;
				PRODUCT_NAME = "$(TARGET_NAME)";
				SWIFT_VERSION = 5.0;
				TARGETED_DEVICE_FAMILY = "1,2";
			};
			name = Debug;
		};
		DB302B7F237EF02300076D10 /* Release */ = {
			isa = XCBuildConfiguration;
			buildSettings = {
				ASSETCATALOG_COMPILER_APPICON_NAME = AppIcon;
				CODE_SIGN_ENTITLEMENTS = PersonOverView/PersonOverView.entitlements;
				CODE_SIGN_STYLE = Automatic;
				DEVELOPMENT_ASSET_PATHS = "\"PersonOverView/Preview Content\"";
				DEVELOPMENT_TEAM = 6UR9TA6744;
				ENABLE_PREVIEWS = YES;
				INFOPLIST_FILE = PersonOverView/Info.plist;
				IPHONEOS_DEPLOYMENT_TARGET = 13.4;
				LD_RUNPATH_SEARCH_PATHS = (
					"$(inherited)",
					"@executable_path/Frameworks",
				);
				PRODUCT_BUNDLE_IDENTIFIER = com.janhovland.PersonsOverView;
				PRODUCT_NAME = "$(TARGET_NAME)";
				SWIFT_VERSION = 5.0;
				TARGETED_DEVICE_FAMILY = "1,2";
			};
			name = Release;
		};
/* End XCBuildConfiguration section */

/* Begin XCConfigurationList section */
		DB302B61237EF02300076D10 /* Build configuration list for PBXProject "PersonOverView" */ = {
			isa = XCConfigurationList;
			buildConfigurations = (
				DB302B7B237EF02300076D10 /* Debug */,
				DB302B7C237EF02300076D10 /* Release */,
			);
			defaultConfigurationIsVisible = 0;
			defaultConfigurationName = Release;
		};
		DB302B7D237EF02300076D10 /* Build configuration list for PBXNativeTarget "PersonOverView" */ = {
			isa = XCConfigurationList;
			buildConfigurations = (
				DB302B7E237EF02300076D10 /* Debug */,
				DB302B7F237EF02300076D10 /* Release */,
			);
			defaultConfigurationIsVisible = 0;
			defaultConfigurationName = Release;
		};
/* End XCConfigurationList section */

/* Begin XCVersionGroup section */
		DB302B6D237EF02300076D10 /* PersonOverView.xcdatamodeld */ = {
			isa = XCVersionGroup;
			children = (
				DB302B6E237EF02300076D10 /* PersonOverView.xcdatamodel */,
			);
			currentVersion = DB302B6E237EF02300076D10 /* PersonOverView.xcdatamodel */;
			path = PersonOverView.xcdatamodeld;
			sourceTree = "<group>";
			versionGroupType = wrapper.xcdatamodel;
		};
/* End XCVersionGroup section */
	};
	rootObject = DB302B5E237EF02300076D10 /* Project object */;
}
